// !$*UTF8*$!
{
	archiveVersion = 1;
	classes = {
	};
	objectVersion = 56;
	objects = {

/* Begin PBXBuildFile section */
		1E4A5ED828F0735F00485DA5 /* AppDelegate.swift in Sources */ = {isa = PBXBuildFile; fileRef = 1E4A5ED728F0735F00485DA5 /* AppDelegate.swift */; };
		1E4A5EDA28F0735F00485DA5 /* SceneDelegate.swift in Sources */ = {isa = PBXBuildFile; fileRef = 1E4A5ED928F0735F00485DA5 /* SceneDelegate.swift */; };
		1E4A5EDC28F0735F00485DA5 /* IntroductionViewController.swift in Sources */ = {isa = PBXBuildFile; fileRef = 1E4A5EDB28F0735F00485DA5 /* IntroductionViewController.swift */; };
		1E4A5EDF28F0735F00485DA5 /* Main.storyboard in Resources */ = {isa = PBXBuildFile; fileRef = 1E4A5EDD28F0735F00485DA5 /* Main.storyboard */; };
		1E4A5EE128F0736000485DA5 /* Assets.xcassets in Resources */ = {isa = PBXBuildFile; fileRef = 1E4A5EE028F0736000485DA5 /* Assets.xcassets */; };
		1E4A5EE428F0736000485DA5 /* LaunchScreen.storyboard in Resources */ = {isa = PBXBuildFile; fileRef = 1E4A5EE228F0736000485DA5 /* LaunchScreen.storyboard */; };
		1E4A5EEF28F0736000485DA5 /* PersonalityQuizTests.swift in Sources */ = {isa = PBXBuildFile; fileRef = 1E4A5EEE28F0736000485DA5 /* PersonalityQuizTests.swift */; };
		1E4A5EF928F0736000485DA5 /* PersonalityQuizUITests.swift in Sources */ = {isa = PBXBuildFile; fileRef = 1E4A5EF828F0736000485DA5 /* PersonalityQuizUITests.swift */; };
		1E4A5EFB28F0736000485DA5 /* PersonalityQuizUITestsLaunchTests.swift in Sources */ = {isa = PBXBuildFile; fileRef = 1E4A5EFA28F0736000485DA5 /* PersonalityQuizUITestsLaunchTests.swift */; };
		1E4A5F0828F0875F00485DA5 /* QuestionViewController.swift in Sources */ = {isa = PBXBuildFile; fileRef = 1E4A5F0728F0875F00485DA5 /* QuestionViewController.swift */; };
		1E4A5F0A28F0877E00485DA5 /* ResultsViewController.swift in Sources */ = {isa = PBXBuildFile; fileRef = 1E4A5F0928F0877E00485DA5 /* ResultsViewController.swift */; };
		1E4A5F0C28F099E600485DA5 /* Question.swift in Sources */ = {isa = PBXBuildFile; fileRef = 1E4A5F0B28F099E600485DA5 /* Question.swift */; };
/* End PBXBuildFile section */

/* Begin PBXContainerItemProxy section */
		1E4A5EEB28F0736000485DA5 /* PBXContainerItemProxy */ = {
			isa = PBXContainerItemProxy;
			containerPortal = 1E4A5ECC28F0735F00485DA5 /* Project object */;
			proxyType = 1;
			remoteGlobalIDString = 1E4A5ED328F0735F00485DA5;
			remoteInfo = PersonalityQuiz;
		};
		1E4A5EF528F0736000485DA5 /* PBXContainerItemProxy */ = {
			isa = PBXContainerItemProxy;
			containerPortal = 1E4A5ECC28F0735F00485DA5 /* Project object */;
			proxyType = 1;
			remoteGlobalIDString = 1E4A5ED328F0735F00485DA5;
			remoteInfo = PersonalityQuiz;
		};
/* End PBXContainerItemProxy section */

/* Begin PBXFileReference section */
		1E4A5ED428F0735F00485DA5 /* PersonalityQuiz.app */ = {isa = PBXFileReference; explicitFileType = wrapper.application; includeInIndex = 0; path = PersonalityQuiz.app; sourceTree = BUILT_PRODUCTS_DIR; };
		1E4A5ED728F0735F00485DA5 /* AppDelegate.swift */ = {isa = PBXFileReference; lastKnownFileType = sourcecode.swift; path = AppDelegate.swift; sourceTree = "<group>"; };
		1E4A5ED928F0735F00485DA5 /* SceneDelegate.swift */ = {isa = PBXFileReference; lastKnownFileType = sourcecode.swift; path = SceneDelegate.swift; sourceTree = "<group>"; };
		1E4A5EDB28F0735F00485DA5 /* IntroductionViewController.swift */ = {isa = PBXFileReference; lastKnownFileType = sourcecode.swift; path = IntroductionViewController.swift; sourceTree = "<group>"; };
		1E4A5EDE28F0735F00485DA5 /* Base */ = {isa = PBXFileReference; lastKnownFileType = file.storyboard; name = Base; path = Base.lproj/Main.storyboard; sourceTree = "<group>"; };
		1E4A5EE028F0736000485DA5 /* Assets.xcassets */ = {isa = PBXFileReference; lastKnownFileType = folder.assetcatalog; path = Assets.xcassets; sourceTree = "<group>"; };
		1E4A5EE328F0736000485DA5 /* Base */ = {isa = PBXFileReference; lastKnownFileType = file.storyboard; name = Base; path = Base.lproj/LaunchScreen.storyboard; sourceTree = "<group>"; };
		1E4A5EE528F0736000485DA5 /* Info.plist */ = {isa = PBXFileReference; lastKnownFileType = text.plist.xml; path = Info.plist; sourceTree = "<group>"; };
		1E4A5EEA28F0736000485DA5 /* PersonalityQuizTests.xctest */ = {isa = PBXFileReference; explicitFileType = wrapper.cfbundle; includeInIndex = 0; path = PersonalityQuizTests.xctest; sourceTree = BUILT_PRODUCTS_DIR; };
		1E4A5EEE28F0736000485DA5 /* PersonalityQuizTests.swift */ = {isa = PBXFileReference; lastKnownFileType = sourcecode.swift; path = PersonalityQuizTests.swift; sourceTree = "<group>"; };
		1E4A5EF428F0736000485DA5 /* PersonalityQuizUITests.xctest */ = {isa = PBXFileReference; explicitFileType = wrapper.cfbundle; includeInIndex = 0; path = PersonalityQuizUITests.xctest; sourceTree = BUILT_PRODUCTS_DIR; };
		1E4A5EF828F0736000485DA5 /* PersonalityQuizUITests.swift */ = {isa = PBXFileReference; lastKnownFileType = sourcecode.swift; path = PersonalityQuizUITests.swift; sourceTree = "<group>"; };
		1E4A5EFA28F0736000485DA5 /* PersonalityQuizUITestsLaunchTests.swift */ = {isa = PBXFileReference; lastKnownFileType = sourcecode.swift; path = PersonalityQuizUITestsLaunchTests.swift; sourceTree = "<group>"; };
		1E4A5F0728F0875F00485DA5 /* QuestionViewController.swift */ = {isa = PBXFileReference; lastKnownFileType = sourcecode.swift; path = QuestionViewController.swift; sourceTree = "<group>"; };
		1E4A5F0928F0877E00485DA5 /* ResultsViewController.swift */ = {isa = PBXFileReference; lastKnownFileType = sourcecode.swift; path = ResultsViewController.swift; sourceTree = "<group>"; };
		1E4A5F0B28F099E600485DA5 /* Question.swift */ = {isa = PBXFileReference; lastKnownFileType = sourcecode.swift; path = Question.swift; sourceTree = "<group>"; };
/* End PBXFileReference section */

/* Begin PBXFrameworksBuildPhase section */
		1E4A5ED128F0735F00485DA5 /* Frameworks */ = {
			isa = PBXFrameworksBuildPhase;
			buildActionMask = 2147483647;
			files = (
			);
			runOnlyForDeploymentPostprocessing = 0;
		};
		1E4A5EE728F0736000485DA5 /* Frameworks */ = {
			isa = PBXFrameworksBuildPhase;
			buildActionMask = 2147483647;
			files = (
			);
			runOnlyForDeploymentPostprocessing = 0;
		};
		1E4A5EF128F0736000485DA5 /* Frameworks */ = {
			isa = PBXFrameworksBuildPhase;
			buildActionMask = 2147483647;
			files = (
			);
			runOnlyForDeploymentPostprocessing = 0;
		};
/* End PBXFrameworksBuildPhase section */

/* Begin PBXGroup section */
		1E4A5ECB28F0735F00485DA5 = {
			isa = PBXGroup;
			children = (
				1E4A5ED628F0735F00485DA5 /* PersonalityQuiz */,
				1E4A5EED28F0736000485DA5 /* PersonalityQuizTests */,
				1E4A5EF728F0736000485DA5 /* PersonalityQuizUITests */,
				1E4A5ED528F0735F00485DA5 /* Products */,
			);
			sourceTree = "<group>";
		};
		1E4A5ED528F0735F00485DA5 /* Products */ = {
			isa = PBXGroup;
			children = (
				1E4A5ED428F0735F00485DA5 /* PersonalityQuiz.app */,
				1E4A5EEA28F0736000485DA5 /* PersonalityQuizTests.xctest */,
				1E4A5EF428F0736000485DA5 /* PersonalityQuizUITests.xctest */,
			);
			name = Products;
			sourceTree = "<group>";
		};
		1E4A5ED628F0735F00485DA5 /* PersonalityQuiz */ = {
			isa = PBXGroup;
			children = (
				1E4A5ED728F0735F00485DA5 /* AppDelegate.swift */,
				1E4A5ED928F0735F00485DA5 /* SceneDelegate.swift */,
				1E4A5EDB28F0735F00485DA5 /* IntroductionViewController.swift */,
				1E4A5EDD28F0735F00485DA5 /* Main.storyboard */,
				1E4A5F0B28F099E600485DA5 /* Question.swift */,
				1E4A5F0728F0875F00485DA5 /* QuestionViewController.swift */,
				1E4A5F0928F0877E00485DA5 /* ResultsViewController.swift */,
				1E4A5EE028F0736000485DA5 /* Assets.xcassets */,
				1E4A5EE228F0736000485DA5 /* LaunchScreen.storyboard */,
				1E4A5EE528F0736000485DA5 /* Info.plist */,
			);
			path = PersonalityQuiz;
			sourceTree = "<group>";
		};
		1E4A5EED28F0736000485DA5 /* PersonalityQuizTests */ = {
			isa = PBXGroup;
			children = (
				1E4A5EEE28F0736000485DA5 /* PersonalityQuizTests.swift */,
			);
			path = PersonalityQuizTests;
			sourceTree = "<group>";
		};
		1E4A5EF728F0736000485DA5 /* PersonalityQuizUITests */ = {
			isa = PBXGroup;
			children = (
				1E4A5EFA28F0736000485DA5 /* PersonalityQuizUITestsLaunchTests.swift */,
				1E4A5EF828F0736000485DA5 /* PersonalityQuizUITests.swift */,
			);
			path = PersonalityQuizUITests;
			sourceTree = "<group>";
		};
/* End PBXGroup section */

/* Begin PBXNativeTarget section */
		1E4A5ED328F0735F00485DA5 /* PersonalityQuiz */ = {
			isa = PBXNativeTarget;
			buildConfigurationList = 1E4A5EFE28F0736000485DA5 /* Build configuration list for PBXNativeTarget "PersonalityQuiz" */;
			buildPhases = (
				1E4A5ED028F0735F00485DA5 /* Sources */,
				1E4A5ED128F0735F00485DA5 /* Frameworks */,
				1E4A5ED228F0735F00485DA5 /* Resources */,
			);
			buildRules = (
			);
			dependencies = (
			);
			name = PersonalityQuiz;
			productName = PersonalityQuiz;
			productReference = 1E4A5ED428F0735F00485DA5 /* PersonalityQuiz.app */;
			productType = "com.apple.product-type.application";
		};
		1E4A5EE928F0736000485DA5 /* PersonalityQuizTests */ = {
			isa = PBXNativeTarget;
			buildConfigurationList = 1E4A5F0128F0736000485DA5 /* Build configuration list for PBXNativeTarget "PersonalityQuizTests" */;
			buildPhases = (
				1E4A5EE628F0736000485DA5 /* Sources */,
				1E4A5EE728F0736000485DA5 /* Frameworks */,
				1E4A5EE828F0736000485DA5 /* Resources */,
			);
			buildRules = (
			);
			dependencies = (
				1E4A5EEC28F0736000485DA5 /* PBXTargetDependency */,
			);
			name = PersonalityQuizTests;
			productName = PersonalityQuizTests;
			productReference = 1E4A5EEA28F0736000485DA5 /* PersonalityQuizTests.xctest */;
			productType = "com.apple.product-type.bundle.unit-test";
		};
		1E4A5EF328F0736000485DA5 /* PersonalityQuizUITests */ = {
			isa = PBXNativeTarget;
			buildConfigurationList = 1E4A5F0428F0736000485DA5 /* Build configuration list for PBXNativeTarget "PersonalityQuizUITests" */;
			buildPhases = (
				1E4A5EF028F0736000485DA5 /* Sources */,
				1E4A5EF128F0736000485DA5 /* Frameworks */,
				1E4A5EF228F0736000485DA5 /* Resources */,
			);
			buildRules = (
			);
			dependencies = (
				1E4A5EF628F0736000485DA5 /* PBXTargetDependency */,
			);
			name = PersonalityQuizUITests;
			productName = PersonalityQuizUITests;
			productReference = 1E4A5EF428F0736000485DA5 /* PersonalityQuizUITests.xctest */;
			productType = "com.apple.product-type.bundle.ui-testing";
		};
/* End PBXNativeTarget section */

/* Begin PBXProject section */
		1E4A5ECC28F0735F00485DA5 /* Project object */ = {
			isa = PBXProject;
			attributes = {
				BuildIndependentTargetsInParallel = 1;
				LastSwiftUpdateCheck = 1400;
				LastUpgradeCheck = 1400;
				TargetAttributes = {
					1E4A5ED328F0735F00485DA5 = {
						CreatedOnToolsVersion = 14.0.1;
					};
					1E4A5EE928F0736000485DA5 = {
						CreatedOnToolsVersion = 14.0.1;
						TestTargetID = 1E4A5ED328F0735F00485DA5;
					};
					1E4A5EF328F0736000485DA5 = {
						CreatedOnToolsVersion = 14.0.1;
						TestTargetID = 1E4A5ED328F0735F00485DA5;
					};
				};
			};
			buildConfigurationList = 1E4A5ECF28F0735F00485DA5 /* Build configuration list for PBXProject "PersonalityQuiz" */;
			compatibilityVersion = "Xcode 14.0";
			developmentRegion = en;
			hasScannedForEncodings = 0;
			knownRegions = (
				en,
				Base,
			);
			mainGroup = 1E4A5ECB28F0735F00485DA5;
			productRefGroup = 1E4A5ED528F0735F00485DA5 /* Products */;
			projectDirPath = "";
			projectRoot = "";
			targets = (
				1E4A5ED328F0735F00485DA5 /* PersonalityQuiz */,
				1E4A5EE928F0736000485DA5 /* PersonalityQuizTests */,
				1E4A5EF328F0736000485DA5 /* PersonalityQuizUITests */,
			);
		};
/* End PBXProject section */

/* Begin PBXResourcesBuildPhase section */
		1E4A5ED228F0735F00485DA5 /* Resources */ = {
			isa = PBXResourcesBuildPhase;
			buildActionMask = 2147483647;
			files = (
				1E4A5EE428F0736000485DA5 /* LaunchScreen.storyboard in Resources */,
				1E4A5EE128F0736000485DA5 /* Assets.xcassets in Resources */,
				1E4A5EDF28F0735F00485DA5 /* Main.storyboard in Resources */,
			);
			runOnlyForDeploymentPostprocessing = 0;
		};
		1E4A5EE828F0736000485DA5 /* Resources */ = {
			isa = PBXResourcesBuildPhase;
			buildActionMask = 2147483647;
			files = (
			);
			runOnlyForDeploymentPostprocessing = 0;
		};
		1E4A5EF228F0736000485DA5 /* Resources */ = {
			isa = PBXResourcesBuildPhase;
			buildActionMask = 2147483647;
			files = (
			);
			runOnlyForDeploymentPostprocessing = 0;
		};
/* End PBXResourcesBuildPhase section */

/* Begin PBXSourcesBuildPhase section */
		1E4A5ED028F0735F00485DA5 /* Sources */ = {
			isa = PBXSourcesBuildPhase;
			buildActionMask = 2147483647;
			files = (
				1E4A5EDC28F0735F00485DA5 /* IntroductionViewController.swift in Sources */,
				1E4A5ED828F0735F00485DA5 /* AppDelegate.swift in Sources */,
				1E4A5F0828F0875F00485DA5 /* QuestionViewController.swift in Sources */,
				1E4A5F0C28F099E600485DA5 /* Question.swift in Sources */,
				1E4A5F0A28F0877E00485DA5 /* ResultsViewController.swift in Sources */,
				1E4A5EDA28F0735F00485DA5 /* SceneDelegate.swift in Sources */,
			);
			runOnlyForDeploymentPostprocessing = 0;
		};
		1E4A5EE628F0736000485DA5 /* Sources */ = {
			isa = PBXSourcesBuildPhase;
			buildActionMask = 2147483647;
			files = (
				1E4A5EEF28F0736000485DA5 /* PersonalityQuizTests.swift in Sources */,
			);
			runOnlyForDeploymentPostprocessing = 0;
		};
		1E4A5EF028F0736000485DA5 /* Sources */ = {
			isa = PBXSourcesBuildPhase;
			buildActionMask = 2147483647;
			files = (
				1E4A5EFB28F0736000485DA5 /* PersonalityQuizUITestsLaunchTests.swift in Sources */,
				1E4A5EF928F0736000485DA5 /* PersonalityQuizUITests.swift in Sources */,
			);
			runOnlyForDeploymentPostprocessing = 0;
		};
/* End PBXSourcesBuildPhase section */

/* Begin PBXTargetDependency section */
		1E4A5EEC28F0736000485DA5 /* PBXTargetDependency */ = {
			isa = PBXTargetDependency;
			target = 1E4A5ED328F0735F00485DA5 /* PersonalityQuiz */;
			targetProxy = 1E4A5EEB28F0736000485DA5 /* PBXContainerItemProxy */;
		};
		1E4A5EF628F0736000485DA5 /* PBXTargetDependency */ = {
			isa = PBXTargetDependency;
			target = 1E4A5ED328F0735F00485DA5 /* PersonalityQuiz */;
			targetProxy = 1E4A5EF528F0736000485DA5 /* PBXContainerItemProxy */;
		};
/* End PBXTargetDependency section */

/* Begin PBXVariantGroup section */
		1E4A5EDD28F0735F00485DA5 /* Main.storyboard */ = {
			isa = PBXVariantGroup;
			children = (
				1E4A5EDE28F0735F00485DA5 /* Base */,
			);
			name = Main.storyboard;
			sourceTree = "<group>";
		};
		1E4A5EE228F0736000485DA5 /* LaunchScreen.storyboard */ = {
			isa = PBXVariantGroup;
			children = (
				1E4A5EE328F0736000485DA5 /* Base */,
			);
			name = LaunchScreen.storyboard;
			sourceTree = "<group>";
		};
/* End PBXVariantGroup section */

/* Begin XCBuildConfiguration section */
		1E4A5EFC28F0736000485DA5 /* Debug */ = {
			isa = XCBuildConfiguration;
			buildSettings = {
				ALWAYS_SEARCH_USER_PATHS = NO;
				CLANG_ANALYZER_NONNULL = YES;
				CLANG_ANALYZER_NUMBER_OBJECT_CONVERSION = YES_AGGRESSIVE;
				CLANG_CXX_LANGUAGE_STANDARD = "gnu++20";
				CLANG_ENABLE_MODULES = YES;
				CLANG_ENABLE_OBJC_ARC = YES;
				CLANG_ENABLE_OBJC_WEAK = YES;
				CLANG_WARN_BLOCK_CAPTURE_AUTORELEASING = YES;
				CLANG_WARN_BOOL_CONVERSION = YES;
				CLANG_WARN_COMMA = YES;
				CLANG_WARN_CONSTANT_CONVERSION = YES;
				CLANG_WARN_DEPRECATED_OBJC_IMPLEMENTATIONS = YES;
				CLANG_WARN_DIRECT_OBJC_ISA_USAGE = YES_ERROR;
				CLANG_WARN_DOCUMENTATION_COMMENTS = YES;
				CLANG_WARN_EMPTY_BODY = YES;
				CLANG_WARN_ENUM_CONVERSION = YES;
				CLANG_WARN_INFINITE_RECURSION = YES;
				CLANG_WARN_INT_CONVERSION = YES;
				CLANG_WARN_NON_LITERAL_NULL_CONVERSION = YES;
				CLANG_WARN_OBJC_IMPLICIT_RETAIN_SELF = YES;
				CLANG_WARN_OBJC_LITERAL_CONVERSION = YES;
				CLANG_WARN_OBJC_ROOT_CLASS = YES_ERROR;
				CLANG_WARN_QUOTED_INCLUDE_IN_FRAMEWORK_HEADER = YES;
				CLANG_WARN_RANGE_LOOP_ANALYSIS = YES;
				CLANG_WARN_STRICT_PROTOTYPES = YES;
				CLANG_WARN_SUSPICIOUS_MOVE = YES;
				CLANG_WARN_UNGUARDED_AVAILABILITY = YES_AGGRESSIVE;
				CLANG_WARN_UNREACHABLE_CODE = YES;
				CLANG_WARN__DUPLICATE_METHOD_MATCH = YES;
				COPY_PHASE_STRIP = NO;
				DEBUG_INFORMATION_FORMAT = dwarf;
				ENABLE_STRICT_OBJC_MSGSEND = YES;
				ENABLE_TESTABILITY = YES;
				GCC_C_LANGUAGE_STANDARD = gnu11;
				GCC_DYNAMIC_NO_PIC = NO;
				GCC_NO_COMMON_BLOCKS = YES;
				GCC_OPTIMIZATION_LEVEL = 0;
				GCC_PREPROCESSOR_DEFINITIONS = (
					"DEBUG=1",
					"$(inherited)",
				);
				GCC_WARN_64_TO_32_BIT_CONVERSION = YES;
				GCC_WARN_ABOUT_RETURN_TYPE = YES_ERROR;
				GCC_WARN_UNDECLARED_SELECTOR = YES;
				GCC_WARN_UNINITIALIZED_AUTOS = YES_AGGRESSIVE;
				GCC_WARN_UNUSED_FUNCTION = YES;
				GCC_WARN_UNUSED_VARIABLE = YES;
				IPHONEOS_DEPLOYMENT_TARGET = 16.0;
				MTL_ENABLE_DEBUG_INFO = INCLUDE_SOURCE;
				MTL_FAST_MATH = YES;
				ONLY_ACTIVE_ARCH = YES;
				SDKROOT = iphoneos;
				SWIFT_ACTIVE_COMPILATION_CONDITIONS = DEBUG;
				SWIFT_OPTIMIZATION_LEVEL = "-Onone";
			};
			name = Debug;
		};
		1E4A5EFD28F0736000485DA5 /* Release */ = {
			isa = XCBuildConfiguration;
			buildSettings = {
				ALWAYS_SEARCH_USER_PATHS = NO;
				CLANG_ANALYZER_NONNULL = YES;
				CLANG_ANALYZER_NUMBER_OBJECT_CONVERSION = YES_AGGRESSIVE;
				CLANG_CXX_LANGUAGE_STANDARD = "gnu++20";
				CLANG_ENABLE_MODULES = YES;
				CLANG_ENABLE_OBJC_ARC = YES;
				CLANG_ENABLE_OBJC_WEAK = YES;
				CLANG_WARN_BLOCK_CAPTURE_AUTORELEASING = YES;
				CLANG_WARN_BOOL_CONVERSION = YES;
				CLANG_WARN_COMMA = YES;
				CLANG_WARN_CONSTANT_CONVERSION = YES;
				CLANG_WARN_DEPRECATED_OBJC_IMPLEMENTATIONS = YES;
				CLANG_WARN_DIRECT_OBJC_ISA_USAGE = YES_ERROR;
				CLANG_WARN_DOCUMENTATION_COMMENTS = YES;
				CLANG_WARN_EMPTY_BODY = YES;
				CLANG_WARN_ENUM_CONVERSION = YES;
				CLANG_WARN_INFINITE_RECURSION = YES;
				CLANG_WARN_INT_CONVERSION = YES;
				CLANG_WARN_NON_LITERAL_NULL_CONVERSION = YES;
				CLANG_WARN_OBJC_IMPLICIT_RETAIN_SELF = YES;
				CLANG_WARN_OBJC_LITERAL_CONVERSION = YES;
				CLANG_WARN_OBJC_ROOT_CLASS = YES_ERROR;
				CLANG_WARN_QUOTED_INCLUDE_IN_FRAMEWORK_HEADER = YES;
				CLANG_WARN_RANGE_LOOP_ANALYSIS = YES;
				CLANG_WARN_STRICT_PROTOTYPES = YES;
				CLANG_WARN_SUSPICIOUS_MOVE = YES;
				CLANG_WARN_UNGUARDED_AVAILABILITY = YES_AGGRESSIVE;
				CLANG_WARN_UNREACHABLE_CODE = YES;
				CLANG_WARN__DUPLICATE_METHOD_MATCH = YES;
				COPY_PHASE_STRIP = NO;
				DEBUG_INFORMATION_FORMAT = "dwarf-with-dsym";
				ENABLE_NS_ASSERTIONS = NO;
				ENABLE_STRICT_OBJC_MSGSEND = YES;
				GCC_C_LANGUAGE_STANDARD = gnu11;
				GCC_NO_COMMON_BLOCKS = YES;
				GCC_WARN_64_TO_32_BIT_CONVERSION = YES;
				GCC_WARN_ABOUT_RETURN_TYPE = YES_ERROR;
				GCC_WARN_UNDECLARED_SELECTOR = YES;
				GCC_WARN_UNINITIALIZED_AUTOS = YES_AGGRESSIVE;
				GCC_WARN_UNUSED_FUNCTION = YES;
				GCC_WARN_UNUSED_VARIABLE = YES;
				IPHONEOS_DEPLOYMENT_TARGET = 16.0;
				MTL_ENABLE_DEBUG_INFO = NO;
				MTL_FAST_MATH = YES;
				SDKROOT = iphoneos;
				SWIFT_COMPILATION_MODE = wholemodule;
				SWIFT_OPTIMIZATION_LEVEL = "-O";
				VALIDATE_PRODUCT = YES;
			};
			name = Release;
		};
		1E4A5EFF28F0736000485DA5 /* Debug */ = {
			isa = XCBuildConfiguration;
			buildSettings = {
				ASSETCATALOG_COMPILER_APPICON_NAME = AppIcon;
				ASSETCATALOG_COMPILER_GLOBAL_ACCENT_COLOR_NAME = AccentColor;
				CODE_SIGN_STYLE = Automatic;
				CURRENT_PROJECT_VERSION = 1;
				GENERATE_INFOPLIST_FILE = YES;
				INFOPLIST_FILE = PersonalityQuiz/Info.plist;
				INFOPLIST_KEY_UIApplicationSupportsIndirectInputEvents = YES;
				INFOPLIST_KEY_UILaunchStoryboardName = LaunchScreen;
				INFOPLIST_KEY_UIMainStoryboardFile = Main;
				INFOPLIST_KEY_UISupportedInterfaceOrientations_iPad = "UIInterfaceOrientationPortrait UIInterfaceOrientationPortraitUpsideDown UIInterfaceOrientationLandscapeLeft UIInterfaceOrientationLandscapeRight";
				INFOPLIST_KEY_UISupportedInterfaceOrientations_iPhone = "UIInterfaceOrientationPortrait UIInterfaceOrientationLandscapeLeft UIInterfaceOrientationLandscapeRight";
				LD_RUNPATH_SEARCH_PATHS = (
					"$(inherited)",
					"@executable_path/Frameworks",
				);
				MARKETING_VERSION = 1.0;
				PRODUCT_BUNDLE_IDENTIFIER = Seneca.PersonalityQuiz;
				PRODUCT_NAME = "$(TARGET_NAME)";
				SWIFT_EMIT_LOC_STRINGS = YES;
				SWIFT_VERSION = 5.0;
				TARGETED_DEVICE_FAMILY = "1,2";
			};
			name = Debug;
		};
		1E4A5F0028F0736000485DA5 /* Release */ = {
			isa = XCBuildConfiguration;
			buildSettings = {
				ASSETCATALOG_COMPILER_APPICON_NAME = AppIcon;
				ASSETCATALOG_COMPILER_GLOBAL_ACCENT_COLOR_NAME = AccentColor;
				CODE_SIGN_STYLE = Automatic;
				CURRENT_PROJECT_VERSION = 1;
				GENERATE_INFOPLIST_FILE = YES;
				INFOPLIST_FILE = PersonalityQuiz/Info.plist;
				INFOPLIST_KEY_UIApplicationSupportsIndirectInputEvents = YES;
				INFOPLIST_KEY_UILaunchStoryboardName = LaunchScreen;
				INFOPLIST_KEY_UIMainStoryboardFile = Main;
				INFOPLIST_KEY_UISupportedInterfaceOrientations_iPad = "UIInterfaceOrientationPortrait UIInterfaceOrientationPortraitUpsideDown UIInterfaceOrientationLandscapeLeft UIInterfaceOrientationLandscapeRight";
				INFOPLIST_KEY_UISupportedInterfaceOrientations_iPhone = "UIInterfaceOrientationPortrait UIInterfaceOrientationLandscapeLeft UIInterfaceOrientationLandscapeRight";
				LD_RUNPATH_SEARCH_PATHS = (
					"$(inherited)",
					"@executable_path/Frameworks",
				);
				MARKETING_VERSION = 1.0;
				PRODUCT_BUNDLE_IDENTIFIER = Seneca.PersonalityQuiz;
				PRODUCT_NAME = "$(TARGET_NAME)";
				SWIFT_EMIT_LOC_STRINGS = YES;
				SWIFT_VERSION = 5.0;
				TARGETED_DEVICE_FAMILY = "1,2";
			};
			name = Release;
		};
		1E4A5F0228F0736000485DA5 /* Debug */ = {
			isa = XCBuildConfiguration;
			buildSettings = {
				ALWAYS_EMBED_SWIFT_STANDARD_LIBRARIES = YES;
				BUNDLE_LOADER = "$(TEST_HOST)";
				CODE_SIGN_STYLE = Automatic;
				CURRENT_PROJECT_VERSION = 1;
				GENERATE_INFOPLIST_FILE = YES;
				IPHONEOS_DEPLOYMENT_TARGET = 16.0;
				MARKETING_VERSION = 1.0;
				PRODUCT_BUNDLE_IDENTIFIER = Seneca.PersonalityQuizTests;
				PRODUCT_NAME = "$(TARGET_NAME)";
				SWIFT_EMIT_LOC_STRINGS = NO;
				SWIFT_VERSION = 5.0;
				TARGETED_DEVICE_FAMILY = "1,2";
				TEST_HOST = "$(BUILT_PRODUCTS_DIR)/PersonalityQuiz.app/$(BUNDLE_EXECUTABLE_FOLDER_PATH)/PersonalityQuiz";
			};
			name = Debug;
		};
		1E4A5F0328F0736000485DA5 /* Release */ = {
			isa = XCBuildConfiguration;
			buildSettings = {
				ALWAYS_EMBED_SWIFT_STANDARD_LIBRARIES = YES;
				BUNDLE_LOADER = "$(TEST_HOST)";
				CODE_SIGN_STYLE = Automatic;
				CURRENT_PROJECT_VERSION = 1;
				GENERATE_INFOPLIST_FILE = YES;
				IPHONEOS_DEPLOYMENT_TARGET = 16.0;
				MARKETING_VERSION = 1.0;
				PRODUCT_BUNDLE_IDENTIFIER = Seneca.PersonalityQuizTests;
				PRODUCT_NAME = "$(TARGET_NAME)";
				SWIFT_EMIT_LOC_STRINGS = NO;
				SWIFT_VERSION = 5.0;
				TARGETED_DEVICE_FAMILY = "1,2";
				TEST_HOST = "$(BUILT_PRODUCTS_DIR)/PersonalityQuiz.app/$(BUNDLE_EXECUTABLE_FOLDER_PATH)/PersonalityQuiz";
			};
			name = Release;
		};
		1E4A5F0528F0736000485DA5 /* Debug */ = {
			isa = XCBuildConfiguration;
			buildSettings = {
				ALWAYS_EMBED_SWIFT_STANDARD_LIBRARIES = YES;
				CODE_SIGN_STYLE = Automatic;
				CURRENT_PROJECT_VERSION = 1;
				GENERATE_INFOPLIST_FILE = YES;
				MARKETING_VERSION = 1.0;
				PRODUCT_BUNDLE_IDENTIFIER = Seneca.PersonalityQuizUITests;
				PRODUCT_NAME = "$(TARGET_NAME)";
				SWIFT_EMIT_LOC_STRINGS = NO;
				SWIFT_VERSION = 5.0;
				TARGETED_DEVICE_FAMILY = "1,2";
				TEST_TARGET_NAME = PersonalityQuiz;
			};
			name = Debug;
		};
		1E4A5F0628F0736000485DA5 /* Release */ = {
			isa = XCBuildConfiguration;
			buildSettings = {
				ALWAYS_EMBED_SWIFT_STANDARD_LIBRARIES = YES;
				CODE_SIGN_STYLE = Automatic;
				CURRENT_PROJECT_VERSION = 1;
				GENERATE_INFOPLIST_FILE = YES;
				MARKETING_VERSION = 1.0;
				PRODUCT_BUNDLE_IDENTIFIER = Seneca.PersonalityQuizUITests;
				PRODUCT_NAME = "$(TARGET_NAME)";
				SWIFT_EMIT_LOC_STRINGS = NO;
				SWIFT_VERSION = 5.0;
				TARGETED_DEVICE_FAMILY = "1,2";
				TEST_TARGET_NAME = PersonalityQuiz;
			};
			name = Release;
		};
/* End XCBuildConfiguration section */

/* Begin XCConfigurationList section */
		1E4A5ECF28F0735F00485DA5 /* Build configuration list for PBXProject "PersonalityQuiz" */ = {
			isa = XCConfigurationList;
			buildConfigurations = (
				1E4A5EFC28F0736000485DA5 /* Debug */,
				1E4A5EFD28F0736000485DA5 /* Release */,
			);
			defaultConfigurationIsVisible = 0;
			defaultConfigurationName = Release;
		};
		1E4A5EFE28F0736000485DA5 /* Build configuration list for PBXNativeTarget "PersonalityQuiz" */ = {
			isa = XCConfigurationList;
			buildConfigurations = (
				1E4A5EFF28F0736000485DA5 /* Debug */,
				1E4A5F0028F0736000485DA5 /* Release */,
			);
			defaultConfigurationIsVisible = 0;
			defaultConfigurationName = Release;
		};
		1E4A5F0128F0736000485DA5 /* Build configuration list for PBXNativeTarget "PersonalityQuizTests" */ = {
			isa = XCConfigurationList;
			buildConfigurations = (
				1E4A5F0228F0736000485DA5 /* Debug */,
				1E4A5F0328F0736000485DA5 /* Release */,
			);
			defaultConfigurationIsVisible = 0;
			defaultConfigurationName = Release;
		};
		1E4A5F0428F0736000485DA5 /* Build configuration list for PBXNativeTarget "PersonalityQuizUITests" */ = {
			isa = XCConfigurationList;
			buildConfigurations = (
				1E4A5F0528F0736000485DA5 /* Debug */,
				1E4A5F0628F0736000485DA5 /* Release */,
			);
			defaultConfigurationIsVisible = 0;
			defaultConfigurationName = Release;
		};
/* End XCConfigurationList section */
	};
	rootObject = 1E4A5ECC28F0735F00485DA5 /* Project object */;
}
